
Microsoft Visual Studio Solution File, Format Version 12.00
# Visual Studio Version 17
VisualStudioVersion = 17.3.32929.385
MinimumVisualStudioVersion = 10.0.40219.1
Project("{FAE04EC0-301F-11D3-BF4B-00C04F79EFBC}") = "MyMidterm", "MyMidterm.csproj", "{F95A1FBE-BEFD-4873-9393-4F61B353A6DF}"
EndProject
Global
	GlobalSection(SolutionConfigurationPlatforms) = preSolution
		Debug|Any CPU = Debug|Any CPU
		Release|Any CPU = Release|Any CPU
	EndGlobalSection
	GlobalSection(ProjectConfigurationPlatforms) = postSolution
		{F95A1FBE-BEFD-4873-9393-4F61B353A6DF}.Debug|Any CPU.ActiveCfg = Debug|Any CPU
		{F95A1FBE-BEFD-4873-9393-4F61B353A6DF}.Debug|Any CPU.Build.0 = Debug|Any CPU
		{F95A1FBE-BEFD-4873-9393-4F61B353A6DF}.Release|Any CPU.ActiveCfg = Release|Any CPU
		{F95A1FBE-BEFD-4873-9393-4F61B353A6DF}.Release|Any CPU.Build.0 = Release|Any CPU
	EndGlobalSection
	GlobalSection(SolutionProperties) = preSolution
		HideSolutionNode = FALSE
	EndGlobalSection
	GlobalSection(ExtensibilityGlobals) = postSolution
		SolutionGuid = {98F2D3BF-CDDD-4009-9EE4-420A54FFE70A}
	EndGlobalSection
EndGlobal
